// !$*UTF8*$!
{
	archiveVersion = 1;
	classes = {
	};
	objectVersion = 50;
	objects = {

/* Begin PBXBuildFile section */
		A1FE0EDF26307F7500B2EA1B /* AppDelegate.swift in Sources */ = {isa = PBXBuildFile; fileRef = A1FE0EDE26307F7500B2EA1B /* AppDelegate.swift */; };
		A1FE0EE126307F7500B2EA1B /* SceneDelegate.swift in Sources */ = {isa = PBXBuildFile; fileRef = A1FE0EE026307F7500B2EA1B /* SceneDelegate.swift */; };
		A1FE0EE326307F7500B2EA1B /* ViewController.swift in Sources */ = {isa = PBXBuildFile; fileRef = A1FE0EE226307F7500B2EA1B /* ViewController.swift */; };
		A1FE0EE626307F7500B2EA1B /* Main.storyboard in Resources */ = {isa = PBXBuildFile; fileRef = A1FE0EE426307F7500B2EA1B /* Main.storyboard */; };
		A1FE0EE826307F7800B2EA1B /* Assets.xcassets in Resources */ = {isa = PBXBuildFile; fileRef = A1FE0EE726307F7800B2EA1B /* Assets.xcassets */; };
		A1FE0EEB26307F7800B2EA1B /* LaunchScreen.storyboard in Resources */ = {isa = PBXBuildFile; fileRef = A1FE0EE926307F7800B2EA1B /* LaunchScreen.storyboard */; };
		A1FE0EF626307F7900B2EA1B /* FoodyCookBookTests.swift in Sources */ = {isa = PBXBuildFile; fileRef = A1FE0EF526307F7900B2EA1B /* FoodyCookBookTests.swift */; };
		A1FE0F0126307F7900B2EA1B /* FoodyCookBookUITests.swift in Sources */ = {isa = PBXBuildFile; fileRef = A1FE0F0026307F7900B2EA1B /* FoodyCookBookUITests.swift */; };
		A1FE0F152630883300B2EA1B /* cook.json in Resources */ = {isa = PBXBuildFile; fileRef = A1FE0F142630883300B2EA1B /* cook.json */; };
		A1FE0F1A2630893400B2EA1B /* MealObject.swift in Sources */ = {isa = PBXBuildFile; fileRef = A1FE0F192630893400B2EA1B /* MealObject.swift */; };
/* End PBXBuildFile section */

/* Begin PBXContainerItemProxy section */
		A1FE0EF226307F7900B2EA1B /* PBXContainerItemProxy */ = {
			isa = PBXContainerItemProxy;
			containerPortal = A1FE0ED326307F7400B2EA1B /* Project object */;
			proxyType = 1;
			remoteGlobalIDString = A1FE0EDA26307F7500B2EA1B;
			remoteInfo = FoodyCookBook;
		};
		A1FE0EFD26307F7900B2EA1B /* PBXContainerItemProxy */ = {
			isa = PBXContainerItemProxy;
			containerPortal = A1FE0ED326307F7400B2EA1B /* Project object */;
			proxyType = 1;
			remoteGlobalIDString = A1FE0EDA26307F7500B2EA1B;
			remoteInfo = FoodyCookBook;
		};
/* End PBXContainerItemProxy section */

/* Begin PBXFileReference section */
		A1FE0EDB26307F7500B2EA1B /* FoodyCookBook.app */ = {isa = PBXFileReference; explicitFileType = wrapper.application; includeInIndex = 0; path = FoodyCookBook.app; sourceTree = BUILT_PRODUCTS_DIR; };
		A1FE0EDE26307F7500B2EA1B /* AppDelegate.swift */ = {isa = PBXFileReference; lastKnownFileType = sourcecode.swift; path = AppDelegate.swift; sourceTree = "<group>"; };
		A1FE0EE026307F7500B2EA1B /* SceneDelegate.swift */ = {isa = PBXFileReference; lastKnownFileType = sourcecode.swift; path = SceneDelegate.swift; sourceTree = "<group>"; };
		A1FE0EE226307F7500B2EA1B /* ViewController.swift */ = {isa = PBXFileReference; lastKnownFileType = sourcecode.swift; path = ViewController.swift; sourceTree = "<group>"; };
		A1FE0EE526307F7500B2EA1B /* Base */ = {isa = PBXFileReference; lastKnownFileType = file.storyboard; name = Base; path = Base.lproj/Main.storyboard; sourceTree = "<group>"; };
		A1FE0EE726307F7800B2EA1B /* Assets.xcassets */ = {isa = PBXFileReference; lastKnownFileType = folder.assetcatalog; path = Assets.xcassets; sourceTree = "<group>"; };
		A1FE0EEA26307F7800B2EA1B /* Base */ = {isa = PBXFileReference; lastKnownFileType = file.storyboard; name = Base; path = Base.lproj/LaunchScreen.storyboard; sourceTree = "<group>"; };
		A1FE0EEC26307F7800B2EA1B /* Info.plist */ = {isa = PBXFileReference; lastKnownFileType = text.plist.xml; path = Info.plist; sourceTree = "<group>"; };
		A1FE0EF126307F7900B2EA1B /* FoodyCookBookTests.xctest */ = {isa = PBXFileReference; explicitFileType = wrapper.cfbundle; includeInIndex = 0; path = FoodyCookBookTests.xctest; sourceTree = BUILT_PRODUCTS_DIR; };
		A1FE0EF526307F7900B2EA1B /* FoodyCookBookTests.swift */ = {isa = PBXFileReference; lastKnownFileType = sourcecode.swift; path = FoodyCookBookTests.swift; sourceTree = "<group>"; };
		A1FE0EF726307F7900B2EA1B /* Info.plist */ = {isa = PBXFileReference; lastKnownFileType = text.plist.xml; path = Info.plist; sourceTree = "<group>"; };
		A1FE0EFC26307F7900B2EA1B /* FoodyCookBookUITests.xctest */ = {isa = PBXFileReference; explicitFileType = wrapper.cfbundle; includeInIndex = 0; path = FoodyCookBookUITests.xctest; sourceTree = BUILT_PRODUCTS_DIR; };
		A1FE0F0026307F7900B2EA1B /* FoodyCookBookUITests.swift */ = {isa = PBXFileReference; lastKnownFileType = sourcecode.swift; path = FoodyCookBookUITests.swift; sourceTree = "<group>"; };
		A1FE0F0226307F7900B2EA1B /* Info.plist */ = {isa = PBXFileReference; lastKnownFileType = text.plist.xml; path = Info.plist; sourceTree = "<group>"; };
		A1FE0F142630883300B2EA1B /* cook.json */ = {isa = PBXFileReference; fileEncoding = 4; lastKnownFileType = text.json; path = cook.json; sourceTree = "<group>"; };
		A1FE0F192630893400B2EA1B /* MealObject.swift */ = {isa = PBXFileReference; lastKnownFileType = sourcecode.swift; path = MealObject.swift; sourceTree = "<group>"; };
/* End PBXFileReference section */

/* Begin PBXFrameworksBuildPhase section */
		A1FE0ED826307F7500B2EA1B /* Frameworks */ = {
			isa = PBXFrameworksBuildPhase;
			buildActionMask = 2147483647;
			files = (
			);
			runOnlyForDeploymentPostprocessing = 0;
		};
		A1FE0EEE26307F7900B2EA1B /* Frameworks */ = {
			isa = PBXFrameworksBuildPhase;
			buildActionMask = 2147483647;
			files = (
			);
			runOnlyForDeploymentPostprocessing = 0;
		};
		A1FE0EF926307F7900B2EA1B /* Frameworks */ = {
			isa = PBXFrameworksBuildPhase;
			buildActionMask = 2147483647;
			files = (
			);
			runOnlyForDeploymentPostprocessing = 0;
		};
/* End PBXFrameworksBuildPhase section */

/* Begin PBXGroup section */
		A1FE0ED226307F7400B2EA1B = {
			isa = PBXGroup;
			children = (
				A1FE0EDD26307F7500B2EA1B /* FoodyCookBook */,
				A1FE0EF426307F7900B2EA1B /* FoodyCookBookTests */,
				A1FE0EFF26307F7900B2EA1B /* FoodyCookBookUITests */,
				A1FE0EDC26307F7500B2EA1B /* Products */,
			);
			sourceTree = "<group>";
		};
		A1FE0EDC26307F7500B2EA1B /* Products */ = {
			isa = PBXGroup;
			children = (
				A1FE0EDB26307F7500B2EA1B /* FoodyCookBook.app */,
				A1FE0EF126307F7900B2EA1B /* FoodyCookBookTests.xctest */,
				A1FE0EFC26307F7900B2EA1B /* FoodyCookBookUITests.xctest */,
			);
			name = Products;
			sourceTree = "<group>";
		};
		A1FE0EDD26307F7500B2EA1B /* FoodyCookBook */ = {
			isa = PBXGroup;
			children = (
				A1FE0EDE26307F7500B2EA1B /* AppDelegate.swift */,
				A1FE0EE026307F7500B2EA1B /* SceneDelegate.swift */,
				A1FE0F142630883300B2EA1B /* cook.json */,
				A1FE0EE226307F7500B2EA1B /* ViewController.swift */,
				A1FE0F192630893400B2EA1B /* MealObject.swift */,
				A1FE0EE426307F7500B2EA1B /* Main.storyboard */,
				A1FE0EE726307F7800B2EA1B /* Assets.xcassets */,
				A1FE0EE926307F7800B2EA1B /* LaunchScreen.storyboard */,
				A1FE0EEC26307F7800B2EA1B /* Info.plist */,
			);
			path = FoodyCookBook;
			sourceTree = "<group>";
		};
		A1FE0EF426307F7900B2EA1B /* FoodyCookBookTests */ = {
			isa = PBXGroup;
			children = (
				A1FE0EF526307F7900B2EA1B /* FoodyCookBookTests.swift */,
				A1FE0EF726307F7900B2EA1B /* Info.plist */,
			);
			path = FoodyCookBookTests;
			sourceTree = "<group>";
		};
		A1FE0EFF26307F7900B2EA1B /* FoodyCookBookUITests */ = {
			isa = PBXGroup;
			children = (
				A1FE0F0026307F7900B2EA1B /* FoodyCookBookUITests.swift */,
				A1FE0F0226307F7900B2EA1B /* Info.plist */,
			);
			path = FoodyCookBookUITests;
			sourceTree = "<group>";
		};
/* End PBXGroup section */

/* Begin PBXNativeTarget section */
		A1FE0EDA26307F7500B2EA1B /* FoodyCookBook */ = {
			isa = PBXNativeTarget;
			buildConfigurationList = A1FE0F0526307F7900B2EA1B /* Build configuration list for PBXNativeTarget "FoodyCookBook" */;
			buildPhases = (
				A1FE0ED726307F7500B2EA1B /* Sources */,
				A1FE0ED826307F7500B2EA1B /* Frameworks */,
				A1FE0ED926307F7500B2EA1B /* Resources */,
			);
			buildRules = (
			);
			dependencies = (
			);
			name = FoodyCookBook;
			productName = FoodyCookBook;
			productReference = A1FE0EDB26307F7500B2EA1B /* FoodyCookBook.app */;
			productType = "com.apple.product-type.application";
		};
		A1FE0EF026307F7900B2EA1B /* FoodyCookBookTests */ = {
			isa = PBXNativeTarget;
			buildConfigurationList = A1FE0F0826307F7900B2EA1B /* Build configuration list for PBXNativeTarget "FoodyCookBookTests" */;
			buildPhases = (
				A1FE0EED26307F7900B2EA1B /* Sources */,
				A1FE0EEE26307F7900B2EA1B /* Frameworks */,
				A1FE0EEF26307F7900B2EA1B /* Resources */,
			);
			buildRules = (
			);
			dependencies = (
				A1FE0EF326307F7900B2EA1B /* PBXTargetDependency */,
			);
			name = FoodyCookBookTests;
			productName = FoodyCookBookTests;
			productReference = A1FE0EF126307F7900B2EA1B /* FoodyCookBookTests.xctest */;
			productType = "com.apple.product-type.bundle.unit-test";
		};
		A1FE0EFB26307F7900B2EA1B /* FoodyCookBookUITests */ = {
			isa = PBXNativeTarget;
			buildConfigurationList = A1FE0F0B26307F7900B2EA1B /* Build configuration list for PBXNativeTarget "FoodyCookBookUITests" */;
			buildPhases = (
				A1FE0EF826307F7900B2EA1B /* Sources */,
				A1FE0EF926307F7900B2EA1B /* Frameworks */,
				A1FE0EFA26307F7900B2EA1B /* Resources */,
			);
			buildRules = (
			);
			dependencies = (
				A1FE0EFE26307F7900B2EA1B /* PBXTargetDependency */,
			);
			name = FoodyCookBookUITests;
			productName = FoodyCookBookUITests;
			productReference = A1FE0EFC26307F7900B2EA1B /* FoodyCookBookUITests.xctest */;
			productType = "com.apple.product-type.bundle.ui-testing";
		};
/* End PBXNativeTarget section */

/* Begin PBXProject section */
		A1FE0ED326307F7400B2EA1B /* Project object */ = {
			isa = PBXProject;
			attributes = {
				LastSwiftUpdateCheck = 1240;
				LastUpgradeCheck = 1240;
				TargetAttributes = {
					A1FE0EDA26307F7500B2EA1B = {
						CreatedOnToolsVersion = 12.4;
					};
					A1FE0EF026307F7900B2EA1B = {
						CreatedOnToolsVersion = 12.4;
						TestTargetID = A1FE0EDA26307F7500B2EA1B;
					};
					A1FE0EFB26307F7900B2EA1B = {
						CreatedOnToolsVersion = 12.4;
						TestTargetID = A1FE0EDA26307F7500B2EA1B;
					};
				};
			};
			buildConfigurationList = A1FE0ED626307F7400B2EA1B /* Build configuration list for PBXProject "FoodyCookBook" */;
			compatibilityVersion = "Xcode 9.3";
			developmentRegion = en;
			hasScannedForEncodings = 0;
			knownRegions = (
				en,
				Base,
			);
			mainGroup = A1FE0ED226307F7400B2EA1B;
			productRefGroup = A1FE0EDC26307F7500B2EA1B /* Products */;
			projectDirPath = "";
			projectRoot = "";
			targets = (
				A1FE0EDA26307F7500B2EA1B /* FoodyCookBook */,
				A1FE0EF026307F7900B2EA1B /* FoodyCookBookTests */,
				A1FE0EFB26307F7900B2EA1B /* FoodyCookBookUITests */,
			);
		};
/* End PBXProject section */

/* Begin PBXResourcesBuildPhase section */
		A1FE0ED926307F7500B2EA1B /* Resources */ = {
			isa = PBXResourcesBuildPhase;
			buildActionMask = 2147483647;
			files = (
				A1FE0EEB26307F7800B2EA1B /* LaunchScreen.storyboard in Resources */,
				A1FE0F152630883300B2EA1B /* cook.json in Resources */,
				A1FE0EE826307F7800B2EA1B /* Assets.xcassets in Resources */,
				A1FE0EE626307F7500B2EA1B /* Main.storyboard in Resources */,
			);
			runOnlyForDeploymentPostprocessing = 0;
		};
		A1FE0EEF26307F7900B2EA1B /* Resources */ = {
			isa = PBXResourcesBuildPhase;
			buildActionMask = 2147483647;
			files = (
			);
			runOnlyForDeploymentPostprocessing = 0;
		};
		A1FE0EFA26307F7900B2EA1B /* Resources */ = {
			isa = PBXResourcesBuildPhase;
			buildActionMask = 2147483647;
			files = (
			);
			runOnlyForDeploymentPostprocessing = 0;
		};
/* End PBXResourcesBuildPhase section */

/* Begin PBXSourcesBuildPhase section */
		A1FE0ED726307F7500B2EA1B /* Sources */ = {
			isa = PBXSourcesBuildPhase;
			buildActionMask = 2147483647;
			files = (
				A1FE0EE326307F7500B2EA1B /* ViewController.swift in Sources */,
				A1FE0F1A2630893400B2EA1B /* MealObject.swift in Sources */,
				A1FE0EDF26307F7500B2EA1B /* AppDelegate.swift in Sources */,
				A1FE0EE126307F7500B2EA1B /* SceneDelegate.swift in Sources */,
			);
			runOnlyForDeploymentPostprocessing = 0;
		};
		A1FE0EED26307F7900B2EA1B /* Sources */ = {
			isa = PBXSourcesBuildPhase;
			buildActionMask = 2147483647;
			files = (
				A1FE0EF626307F7900B2EA1B /* FoodyCookBookTests.swift in Sources */,
			);
			runOnlyForDeploymentPostprocessing = 0;
		};
		A1FE0EF826307F7900B2EA1B /* Sources */ = {
			isa = PBXSourcesBuildPhase;
			buildActionMask = 2147483647;
			files = (
				A1FE0F0126307F7900B2EA1B /* FoodyCookBookUITests.swift in Sources */,
			);
			runOnlyForDeploymentPostprocessing = 0;
		};
/* End PBXSourcesBuildPhase section */

/* Begin PBXTargetDependency section */
		A1FE0EF326307F7900B2EA1B /* PBXTargetDependency */ = {
			isa = PBXTargetDependency;
			target = A1FE0EDA26307F7500B2EA1B /* FoodyCookBook */;
			targetProxy = A1FE0EF226307F7900B2EA1B /* PBXContainerItemProxy */;
		};
		A1FE0EFE26307F7900B2EA1B /* PBXTargetDependency */ = {
			isa = PBXTargetDependency;
			target = A1FE0EDA26307F7500B2EA1B /* FoodyCookBook */;
			targetProxy = A1FE0EFD26307F7900B2EA1B /* PBXContainerItemProxy */;
		};
/* End PBXTargetDependency section */

/* Begin PBXVariantGroup section */
		A1FE0EE426307F7500B2EA1B /* Main.storyboard */ = {
			isa = PBXVariantGroup;
			children = (
				A1FE0EE526307F7500B2EA1B /* Base */,
			);
			name = Main.storyboard;
			sourceTree = "<group>";
		};
		A1FE0EE926307F7800B2EA1B /* LaunchScreen.storyboard */ = {
			isa = PBXVariantGroup;
			children = (
				A1FE0EEA26307F7800B2EA1B /* Base */,
			);
			name = LaunchScreen.storyboard;
			sourceTree = "<group>";
		};
/* End PBXVariantGroup section */

/* Begin XCBuildConfiguration section */
		A1FE0F0326307F7900B2EA1B /* Debug */ = {
			isa = XCBuildConfiguration;
			buildSettings = {
				ALWAYS_SEARCH_USER_PATHS = NO;
				CLANG_ANALYZER_NONNULL = YES;
				CLANG_ANALYZER_NUMBER_OBJECT_CONVERSION = YES_AGGRESSIVE;
				CLANG_CXX_LANGUAGE_STANDARD = "gnu++14";
				CLANG_CXX_LIBRARY = "libc++";
				CLANG_ENABLE_MODULES = YES;
				CLANG_ENABLE_OBJC_ARC = YES;
				CLANG_ENABLE_OBJC_WEAK = YES;
				CLANG_WARN_BLOCK_CAPTURE_AUTORELEASING = YES;
				CLANG_WARN_BOOL_CONVERSION = YES;
				CLANG_WARN_COMMA = YES;
				CLANG_WARN_CONSTANT_CONVERSION = YES;
				CLANG_WARN_DEPRECATED_OBJC_IMPLEMENTATIONS = YES;
				CLANG_WARN_DIRECT_OBJC_ISA_USAGE = YES_ERROR;
				CLANG_WARN_DOCUMENTATION_COMMENTS = YES;
				CLANG_WARN_EMPTY_BODY = YES;
				CLANG_WARN_ENUM_CONVERSION = YES;
				CLANG_WARN_INFINITE_RECURSION = YES;
				CLANG_WARN_INT_CONVERSION = YES;
				CLANG_WARN_NON_LITERAL_NULL_CONVERSION = YES;
				CLANG_WARN_OBJC_IMPLICIT_RETAIN_SELF = YES;
				CLANG_WARN_OBJC_LITERAL_CONVERSION = YES;
				CLANG_WARN_OBJC_ROOT_CLASS = YES_ERROR;
				CLANG_WARN_QUOTED_INCLUDE_IN_FRAMEWORK_HEADER = YES;
				CLANG_WARN_RANGE_LOOP_ANALYSIS = YES;
				CLANG_WARN_STRICT_PROTOTYPES = YES;
				CLANG_WARN_SUSPICIOUS_MOVE = YES;
				CLANG_WARN_UNGUARDED_AVAILABILITY = YES_AGGRESSIVE;
				CLANG_WARN_UNREACHABLE_CODE = YES;
				CLANG_WARN__DUPLICATE_METHOD_MATCH = YES;
				COPY_PHASE_STRIP = NO;
				DEBUG_INFORMATION_FORMAT = dwarf;
				ENABLE_STRICT_OBJC_MSGSEND = YES;
				ENABLE_TESTABILITY = YES;
				GCC_C_LANGUAGE_STANDARD = gnu11;
				GCC_DYNAMIC_NO_PIC = NO;
				GCC_NO_COMMON_BLOCKS = YES;
				GCC_OPTIMIZATION_LEVEL = 0;
				GCC_PREPROCESSOR_DEFINITIONS = (
					"DEBUG=1",
					"$(inherited)",
				);
				GCC_WARN_64_TO_32_BIT_CONVERSION = YES;
				GCC_WARN_ABOUT_RETURN_TYPE = YES_ERROR;
				GCC_WARN_UNDECLARED_SELECTOR = YES;
				GCC_WARN_UNINITIALIZED_AUTOS = YES_AGGRESSIVE;
				GCC_WARN_UNUSED_FUNCTION = YES;
				GCC_WARN_UNUSED_VARIABLE = YES;
				IPHONEOS_DEPLOYMENT_TARGET = 14.4;
				MTL_ENABLE_DEBUG_INFO = INCLUDE_SOURCE;
				MTL_FAST_MATH = YES;
				ONLY_ACTIVE_ARCH = YES;
				SDKROOT = iphoneos;
				SWIFT_ACTIVE_COMPILATION_CONDITIONS = DEBUG;
				SWIFT_OPTIMIZATION_LEVEL = "-Onone";
			};
			name = Debug;
		};
		A1FE0F0426307F7900B2EA1B /* Release */ = {
			isa = XCBuildConfiguration;
			buildSettings = {
				ALWAYS_SEARCH_USER_PATHS = NO;
				CLANG_ANALYZER_NONNULL = YES;
				CLANG_ANALYZER_NUMBER_OBJECT_CONVERSION = YES_AGGRESSIVE;
				CLANG_CXX_LANGUAGE_STANDARD = "gnu++14";
				CLANG_CXX_LIBRARY = "libc++";
				CLANG_ENABLE_MODULES = YES;
				CLANG_ENABLE_OBJC_ARC = YES;
				CLANG_ENABLE_OBJC_WEAK = YES;
				CLANG_WARN_BLOCK_CAPTURE_AUTORELEASING = YES;
				CLANG_WARN_BOOL_CONVERSION = YES;
				CLANG_WARN_COMMA = YES;
				CLANG_WARN_CONSTANT_CONVERSION = YES;
				CLANG_WARN_DEPRECATED_OBJC_IMPLEMENTATIONS = YES;
				CLANG_WARN_DIRECT_OBJC_ISA_USAGE = YES_ERROR;
				CLANG_WARN_DOCUMENTATION_COMMENTS = YES;
				CLANG_WARN_EMPTY_BODY = YES;
				CLANG_WARN_ENUM_CONVERSION = YES;
				CLANG_WARN_INFINITE_RECURSION = YES;
				CLANG_WARN_INT_CONVERSION = YES;
				CLANG_WARN_NON_LITERAL_NULL_CONVERSION = YES;
				CLANG_WARN_OBJC_IMPLICIT_RETAIN_SELF = YES;
				CLANG_WARN_OBJC_LITERAL_CONVERSION = YES;
				CLANG_WARN_OBJC_ROOT_CLASS = YES_ERROR;
				CLANG_WARN_QUOTED_INCLUDE_IN_FRAMEWORK_HEADER = YES;
				CLANG_WARN_RANGE_LOOP_ANALYSIS = YES;
				CLANG_WARN_STRICT_PROTOTYPES = YES;
				CLANG_WARN_SUSPICIOUS_MOVE = YES;
				CLANG_WARN_UNGUARDED_AVAILABILITY = YES_AGGRESSIVE;
				CLANG_WARN_UNREACHABLE_CODE = YES;
				CLANG_WARN__DUPLICATE_METHOD_MATCH = YES;
				COPY_PHASE_STRIP = NO;
				DEBUG_INFORMATION_FORMAT = "dwarf-with-dsym";
				ENABLE_NS_ASSERTIONS = NO;
				ENABLE_STRICT_OBJC_MSGSEND = YES;
				GCC_C_LANGUAGE_STANDARD = gnu11;
				GCC_NO_COMMON_BLOCKS = YES;
				GCC_WARN_64_TO_32_BIT_CONVERSION = YES;
				GCC_WARN_ABOUT_RETURN_TYPE = YES_ERROR;
				GCC_WARN_UNDECLARED_SELECTOR = YES;
				GCC_WARN_UNINITIALIZED_AUTOS = YES_AGGRESSIVE;
				GCC_WARN_UNUSED_FUNCTION = YES;
				GCC_WARN_UNUSED_VARIABLE = YES;
				IPHONEOS_DEPLOYMENT_TARGET = 14.4;
				MTL_ENABLE_DEBUG_INFO = NO;
				MTL_FAST_MATH = YES;
				SDKROOT = iphoneos;
				SWIFT_COMPILATION_MODE = wholemodule;
				SWIFT_OPTIMIZATION_LEVEL = "-O";
				VALIDATE_PRODUCT = YES;
			};
			name = Release;
		};
		A1FE0F0626307F7900B2EA1B /* Debug */ = {
			isa = XCBuildConfiguration;
			buildSettings = {
				ASSETCATALOG_COMPILER_APPICON_NAME = AppIcon;
				ASSETCATALOG_COMPILER_GLOBAL_ACCENT_COLOR_NAME = AccentColor;
				CODE_SIGN_STYLE = Automatic;
				INFOPLIST_FILE = FoodyCookBook/Info.plist;
				LD_RUNPATH_SEARCH_PATHS = (
					"$(inherited)",
					"@executable_path/Frameworks",
				);
				PRODUCT_BUNDLE_IDENTIFIER = com.sarath.FoodyCookBook;
				PRODUCT_NAME = "$(TARGET_NAME)";
				SWIFT_VERSION = 5.0;
				TARGETED_DEVICE_FAMILY = "1,2";
			};
			name = Debug;
		};
		A1FE0F0726307F7900B2EA1B /* Release */ = {
			isa = XCBuildConfiguration;
			buildSettings = {
				ASSETCATALOG_COMPILER_APPICON_NAME = AppIcon;
				ASSETCATALOG_COMPILER_GLOBAL_ACCENT_COLOR_NAME = AccentColor;
				CODE_SIGN_STYLE = Automatic;
				INFOPLIST_FILE = FoodyCookBook/Info.plist;
				LD_RUNPATH_SEARCH_PATHS = (
					"$(inherited)",
					"@executable_path/Frameworks",
				);
				PRODUCT_BUNDLE_IDENTIFIER = com.sarath.FoodyCookBook;
				PRODUCT_NAME = "$(TARGET_NAME)";
				SWIFT_VERSION = 5.0;
				TARGETED_DEVICE_FAMILY = "1,2";
			};
			name = Release;
		};
		A1FE0F0926307F7900B2EA1B /* Debug */ = {
			isa = XCBuildConfiguration;
			buildSettings = {
				ALWAYS_EMBED_SWIFT_STANDARD_LIBRARIES = YES;
				BUNDLE_LOADER = "$(TEST_HOST)";
				CODE_SIGN_STYLE = Automatic;
				INFOPLIST_FILE = FoodyCookBookTests/Info.plist;
				IPHONEOS_DEPLOYMENT_TARGET = 14.4;
				LD_RUNPATH_SEARCH_PATHS = (
					"$(inherited)",
					"@executable_path/Frameworks",
					"@loader_path/Frameworks",
				);
				PRODUCT_BUNDLE_IDENTIFIER = com.sarath.FoodyCookBookTests;
				PRODUCT_NAME = "$(TARGET_NAME)";
				SWIFT_VERSION = 5.0;
				TARGETED_DEVICE_FAMILY = "1,2";
				TEST_HOST = "$(BUILT_PRODUCTS_DIR)/FoodyCookBook.app/FoodyCookBook";
			};
			name = Debug;
		};
		A1FE0F0A26307F7900B2EA1B /* Release */ = {
			isa = XCBuildConfiguration;
			buildSettings = {
				ALWAYS_EMBED_SWIFT_STANDARD_LIBRARIES = YES;
				BUNDLE_LOADER = "$(TEST_HOST)";
				CODE_SIGN_STYLE = Automatic;
				INFOPLIST_FILE = FoodyCookBookTests/Info.plist;
				IPHONEOS_DEPLOYMENT_TARGET = 14.4;
				LD_RUNPATH_SEARCH_PATHS = (
					"$(inherited)",
					"@executable_path/Frameworks",
					"@loader_path/Frameworks",
				);
				PRODUCT_BUNDLE_IDENTIFIER = com.sarath.FoodyCookBookTests;
				PRODUCT_NAME = "$(TARGET_NAME)";
				SWIFT_VERSION = 5.0;
				TARGETED_DEVICE_FAMILY = "1,2";
				TEST_HOST = "$(BUILT_PRODUCTS_DIR)/FoodyCookBook.app/FoodyCookBook";
			};
			name = Release;
		};
		A1FE0F0C26307F7900B2EA1B /* Debug */ = {
			isa = XCBuildConfiguration;
			buildSettings = {
				ALWAYS_EMBED_SWIFT_STANDARD_LIBRARIES = YES;
				CODE_SIGN_STYLE = Automatic;
				INFOPLIST_FILE = FoodyCookBookUITests/Info.plist;
				LD_RUNPATH_SEARCH_PATHS = (
					"$(inherited)",
					"@executable_path/Frameworks",
					"@loader_path/Frameworks",
				);
				PRODUCT_BUNDLE_IDENTIFIER = com.sarath.FoodyCookBookUITests;
				PRODUCT_NAME = "$(TARGET_NAME)";
				SWIFT_VERSION = 5.0;
				TARGETED_DEVICE_FAMILY = "1,2";
				TEST_TARGET_NAME = FoodyCookBook;
			};
			name = Debug;
		};
		A1FE0F0D26307F7900B2EA1B /* Release */ = {
			isa = XCBuildConfiguration;
			buildSettings = {
				ALWAYS_EMBED_SWIFT_STANDARD_LIBRARIES = YES;
				CODE_SIGN_STYLE = Automatic;
				INFOPLIST_FILE = FoodyCookBookUITests/Info.plist;
				LD_RUNPATH_SEARCH_PATHS = (
					"$(inherited)",
					"@executable_path/Frameworks",
					"@loader_path/Frameworks",
				);
				PRODUCT_BUNDLE_IDENTIFIER = com.sarath.FoodyCookBookUITests;
				PRODUCT_NAME = "$(TARGET_NAME)";
				SWIFT_VERSION = 5.0;
				TARGETED_DEVICE_FAMILY = "1,2";
				TEST_TARGET_NAME = FoodyCookBook;
			};
			name = Release;
		};
/* End XCBuildConfiguration section */

/* Begin XCConfigurationList section */
		A1FE0ED626307F7400B2EA1B /* Build configuration list for PBXProject "FoodyCookBook" */ = {
			isa = XCConfigurationList;
			buildConfigurations = (
				A1FE0F0326307F7900B2EA1B /* Debug */,
				A1FE0F0426307F7900B2EA1B /* Release */,
			);
			defaultConfigurationIsVisible = 0;
			defaultConfigurationName = Release;
		};
		A1FE0F0526307F7900B2EA1B /* Build configuration list for PBXNativeTarget "FoodyCookBook" */ = {
			isa = XCConfigurationList;
			buildConfigurations = (
				A1FE0F0626307F7900B2EA1B /* Debug */,
				A1FE0F0726307F7900B2EA1B /* Release */,
			);
			defaultConfigurationIsVisible = 0;
			defaultConfigurationName = Release;
		};
		A1FE0F0826307F7900B2EA1B /* Build configuration list for PBXNativeTarget "FoodyCookBookTests" */ = {
			isa = XCConfigurationList;
			buildConfigurations = (
				A1FE0F0926307F7900B2EA1B /* Debug */,
				A1FE0F0A26307F7900B2EA1B /* Release */,
			);
			defaultConfigurationIsVisible = 0;
			defaultConfigurationName = Release;
		};
		A1FE0F0B26307F7900B2EA1B /* Build configuration list for PBXNativeTarget "FoodyCookBookUITests" */ = {
			isa = XCConfigurationList;
			buildConfigurations = (
				A1FE0F0C26307F7900B2EA1B /* Debug */,
				A1FE0F0D26307F7900B2EA1B /* Release */,
			);
			defaultConfigurationIsVisible = 0;
			defaultConfigurationName = Release;
		};
/* End XCConfigurationList section */
	};
	rootObject = A1FE0ED326307F7400B2EA1B /* Project object */;
}
